
Microsoft Visual Studio Solution File, Format Version 12.00
# Visual Studio 15
VisualStudioVersion = 15.0.28307.489
MinimumVisualStudioVersion = 10.0.40219.1
Project("{FAE04EC0-301F-11D3-BF4B-00C04F79EFBC}") = "Xadrez_Console", "Xadrez_Console\Xadrez_Console.csproj", "{DAE34509-274D-454C-AAA8-C40F7A79719F}"
EndProject
Global
	GlobalSection(SolutionConfigurationPlatforms) = preSolution
		Debug|Any CPU = Debug|Any CPU
		Release|Any CPU = Release|Any CPU
	EndGlobalSection
	GlobalSection(ProjectConfigurationPlatforms) = postSolution
		{DAE34509-274D-454C-AAA8-C40F7A79719F}.Debug|Any CPU.ActiveCfg = Debug|Any CPU
		{DAE34509-274D-454C-AAA8-C40F7A79719F}.Debug|Any CPU.Build.0 = Debug|Any CPU
		{DAE34509-274D-454C-AAA8-C40F7A79719F}.Release|Any CPU.ActiveCfg = Release|Any CPU
		{DAE34509-274D-454C-AAA8-C40F7A79719F}.Release|Any CPU.Build.0 = Release|Any CPU
	EndGlobalSection
	GlobalSection(SolutionProperties) = preSolution
		HideSolutionNode = FALSE
	EndGlobalSection
	GlobalSection(ExtensibilityGlobals) = postSolution
		SolutionGuid = {BC7FBD9F-A1B1-4E1A-B487-4FDFEA18E70C}
	EndGlobalSection
EndGlobal
